
Microsoft Visual Studio Solution File, Format Version 12.00
# Visual Studio Version 16
VisualStudioVersion = 16.0.30503.244
MinimumVisualStudioVersion = 10.0.40219.1
Project("{9A19103F-16F7-4668-BE54-9A1E7A4F7556}") = "OOPFinalProject", "OOPFinalProject.csproj", "{31716438-BDCF-446A-8588-47EC2647B8D0}"
EndProject
Global
	GlobalSection(SolutionConfigurationPlatforms) = preSolution
		Debug|Any CPU = Debug|Any CPU
		Release|Any CPU = Release|Any CPU
	EndGlobalSection
	GlobalSection(ProjectConfigurationPlatforms) = postSolution
		{31716438-BDCF-446A-8588-47EC2647B8D0}.Debug|Any CPU.ActiveCfg = Debug|Any CPU
		{31716438-BDCF-446A-8588-47EC2647B8D0}.Debug|Any CPU.Build.0 = Debug|Any CPU
		{31716438-BDCF-446A-8588-47EC2647B8D0}.Release|Any CPU.ActiveCfg = Release|Any CPU
		{31716438-BDCF-446A-8588-47EC2647B8D0}.Release|Any CPU.Build.0 = Release|Any CPU
	EndGlobalSection
	GlobalSection(SolutionProperties) = preSolution
		HideSolutionNode = FALSE
	EndGlobalSection
	GlobalSection(ExtensibilityGlobals) = postSolution
		SolutionGuid = {C0722BA9-98C0-4A48-A9C8-15B549A1F83B}
	EndGlobalSection
EndGlobal
